// !$*UTF8*$!
{
	archiveVersion = 1;
	classes = {
	};
	objectVersion = 56;
	objects = {

/* Begin PBXBuildFile section */
		352B69AB2BE827ED0055F436 /* FokusableApp.swift in Sources */ = {isa = PBXBuildFile; fileRef = 352B69AA2BE827ED0055F436 /* FokusableApp.swift */; };
		352B69B12BE827ED0055F436 /* Assets.xcassets in Resources */ = {isa = PBXBuildFile; fileRef = 352B69B02BE827ED0055F436 /* Assets.xcassets */; };
		352B69B52BE827ED0055F436 /* Preview Assets.xcassets in Resources */ = {isa = PBXBuildFile; fileRef = 352B69B42BE827ED0055F436 /* Preview Assets.xcassets */; };
		352B69BF2BE827EE0055F436 /* fokusableTests.swift in Sources */ = {isa = PBXBuildFile; fileRef = 352B69BE2BE827EE0055F436 /* fokusableTests.swift */; };
		352B69C92BE827EE0055F436 /* fokusableUITests.swift in Sources */ = {isa = PBXBuildFile; fileRef = 352B69C82BE827EE0055F436 /* fokusableUITests.swift */; };
		352B69CB2BE827EE0055F436 /* fokusableUITestsLaunchTests.swift in Sources */ = {isa = PBXBuildFile; fileRef = 352B69CA2BE827EE0055F436 /* fokusableUITestsLaunchTests.swift */; };
		352B69D92BE828900055F436 /* ComposableArchitecture in Frameworks */ = {isa = PBXBuildFile; productRef = 352B69D82BE828900055F436 /* ComposableArchitecture */; };
		353C52D62C11069D0022D094 /* DayMapper.swift in Sources */ = {isa = PBXBuildFile; fileRef = 353C52D52C11069D0022D094 /* DayMapper.swift */; };
		353C52D72C11069D0022D094 /* DayMapper.swift in Sources */ = {isa = PBXBuildFile; fileRef = 353C52D52C11069D0022D094 /* DayMapper.swift */; };
		353C52D92C110BFE0022D094 /* DayFetchingService.swift in Sources */ = {isa = PBXBuildFile; fileRef = 353C52D82C110BFE0022D094 /* DayFetchingService.swift */; };
		353C52DA2C110BFE0022D094 /* DayFetchingService.swift in Sources */ = {isa = PBXBuildFile; fileRef = 353C52D82C110BFE0022D094 /* DayFetchingService.swift */; };
		353C52DC2C13A9390022D094 /* NoteFetchingService.swift in Sources */ = {isa = PBXBuildFile; fileRef = 353C52DB2C13A9390022D094 /* NoteFetchingService.swift */; };
		353C52DD2C13A9390022D094 /* NoteFetchingService.swift in Sources */ = {isa = PBXBuildFile; fileRef = 353C52DB2C13A9390022D094 /* NoteFetchingService.swift */; };
		3545B0EE2C673935001BE703 /* DayState.swift in Sources */ = {isa = PBXBuildFile; fileRef = 3545B0ED2C673935001BE703 /* DayState.swift */; };
		3545B0EF2C673935001BE703 /* DayState.swift in Sources */ = {isa = PBXBuildFile; fileRef = 3545B0ED2C673935001BE703 /* DayState.swift */; };
		3545B0F12C6739FA001BE703 /* NoteState.swift in Sources */ = {isa = PBXBuildFile; fileRef = 3545B0F02C6739FA001BE703 /* NoteState.swift */; };
		3545B0F22C6739FA001BE703 /* NoteState.swift in Sources */ = {isa = PBXBuildFile; fileRef = 3545B0F02C6739FA001BE703 /* NoteState.swift */; };
		3545B0F52C673AFF001BE703 /* DayPageView.swift in Sources */ = {isa = PBXBuildFile; fileRef = 3545B0F42C673AFF001BE703 /* DayPageView.swift */; };
		3545B0F62C673AFF001BE703 /* DayPageView.swift in Sources */ = {isa = PBXBuildFile; fileRef = 3545B0F42C673AFF001BE703 /* DayPageView.swift */; };
		3545B0F82C673D80001BE703 /* NotePageView.swift in Sources */ = {isa = PBXBuildFile; fileRef = 3545B0F72C673D80001BE703 /* NotePageView.swift */; };
		3545B0F92C673D80001BE703 /* NotePageView.swift in Sources */ = {isa = PBXBuildFile; fileRef = 3545B0F72C673D80001BE703 /* NotePageView.swift */; };
		3551E4912BEC178100DE61C4 /* Day.swift in Sources */ = {isa = PBXBuildFile; fileRef = 3551E4902BEC178100DE61C4 /* Day.swift */; };
		3551E4922BEC178100DE61C4 /* Day.swift in Sources */ = {isa = PBXBuildFile; fileRef = 3551E4902BEC178100DE61C4 /* Day.swift */; };
		3551E4942BEC17DB00DE61C4 /* DayDatabase.swift in Sources */ = {isa = PBXBuildFile; fileRef = 3551E4932BEC17DB00DE61C4 /* DayDatabase.swift */; };
		3551E4952BEC17DB00DE61C4 /* DayDatabase.swift in Sources */ = {isa = PBXBuildFile; fileRef = 3551E4932BEC17DB00DE61C4 /* DayDatabase.swift */; };
		35581E4E2BE9754A0047D012 /* Note.swift in Sources */ = {isa = PBXBuildFile; fileRef = 35581E4D2BE9754A0047D012 /* Note.swift */; };
		35581E4F2BE9754A0047D012 /* Note.swift in Sources */ = {isa = PBXBuildFile; fileRef = 35581E4D2BE9754A0047D012 /* Note.swift */; };
		35581E512BE975760047D012 /* NoteDatabase.swift in Sources */ = {isa = PBXBuildFile; fileRef = 35581E502BE975760047D012 /* NoteDatabase.swift */; };
		35581E522BE975760047D012 /* NoteDatabase.swift in Sources */ = {isa = PBXBuildFile; fileRef = 35581E502BE975760047D012 /* NoteDatabase.swift */; };
		355987342BF3FFE2005E816A /* Logging in Frameworks */ = {isa = PBXBuildFile; productRef = 355987332BF3FFE2005E816A /* Logging */; };
		359477F52C18F1C800E482D5 /* DayItemTests.swift in Sources */ = {isa = PBXBuildFile; fileRef = 359477F42C18F1C800E482D5 /* DayItemTests.swift */; };
		35ABD9C42C1C755B008F3EAB /* NoteMapper.swift in Sources */ = {isa = PBXBuildFile; fileRef = 35ABD9C32C1C755B008F3EAB /* NoteMapper.swift */; };
		35ABD9C52C1C755B008F3EAB /* NoteMapper.swift in Sources */ = {isa = PBXBuildFile; fileRef = 35ABD9C32C1C755B008F3EAB /* NoteMapper.swift */; };
		35B0AF9B2C16493600019782 /* NoteItem.swift in Sources */ = {isa = PBXBuildFile; fileRef = 35D5F0C62BF941F400FF9ACB /* NoteItem.swift */; };
		35B0AF9C2C16494D00019782 /* DayItem.swift in Sources */ = {isa = PBXBuildFile; fileRef = 35D5F0C42BF9419700FF9ACB /* DayItem.swift */; };
		35B0AF9D2C16495F00019782 /* DayRepository.swift in Sources */ = {isa = PBXBuildFile; fileRef = 35F34C072C0FB611000EE97D /* DayRepository.swift */; };
		35D5F0C52BF9419700FF9ACB /* DayItem.swift in Sources */ = {isa = PBXBuildFile; fileRef = 35D5F0C42BF9419700FF9ACB /* DayItem.swift */; };
		35D5F0C72BF941F400FF9ACB /* NoteItem.swift in Sources */ = {isa = PBXBuildFile; fileRef = 35D5F0C62BF941F400FF9ACB /* NoteItem.swift */; };
		35E95FF92C650091009ACB93 /* ErrorView.swift in Sources */ = {isa = PBXBuildFile; fileRef = 35E95FF82C650091009ACB93 /* ErrorView.swift */; };
		35E95FFC2C672EA1009ACB93 /* DayListView.swift in Sources */ = {isa = PBXBuildFile; fileRef = 35E95FFB2C672EA1009ACB93 /* DayListView.swift */; };
		35E95FFF2C673086009ACB93 /* NoteListView.swift in Sources */ = {isa = PBXBuildFile; fileRef = 35E95FFE2C673086009ACB93 /* NoteListView.swift */; };
		35F1789F2C5E0600009F5129 /* CheckBoxView.swift in Sources */ = {isa = PBXBuildFile; fileRef = 35F1789E2C5E0600009F5129 /* CheckBoxView.swift */; };
		35F34C002C0FB4AE000EE97D /* FokusableView.swift in Sources */ = {isa = PBXBuildFile; fileRef = 35F34BFE2C0FB4AE000EE97D /* FokusableView.swift */; };
		35F34C012C0FB4AE000EE97D /* FokusableFeature.swift in Sources */ = {isa = PBXBuildFile; fileRef = 35F34BFF2C0FB4AE000EE97D /* FokusableFeature.swift */; };
		35F34C092C0FB611000EE97D /* DayRepository.swift in Sources */ = {isa = PBXBuildFile; fileRef = 35F34C072C0FB611000EE97D /* DayRepository.swift */; };
		35F34C0A2C0FB611000EE97D /* NoteRepository.swift in Sources */ = {isa = PBXBuildFile; fileRef = 35F34C082C0FB611000EE97D /* NoteRepository.swift */; };
/* End PBXBuildFile section */

/* Begin PBXContainerItemProxy section */
		352B69BB2BE827EE0055F436 /* PBXContainerItemProxy */ = {
			isa = PBXContainerItemProxy;
			containerPortal = 352B699F2BE827ED0055F436 /* Project object */;
			proxyType = 1;
			remoteGlobalIDString = 352B69A62BE827ED0055F436;
			remoteInfo = fokusable;
		};
		352B69C52BE827EE0055F436 /* PBXContainerItemProxy */ = {
			isa = PBXContainerItemProxy;
			containerPortal = 352B699F2BE827ED0055F436 /* Project object */;
			proxyType = 1;
			remoteGlobalIDString = 352B69A62BE827ED0055F436;
			remoteInfo = fokusable;
		};
/* End PBXContainerItemProxy section */

/* Begin PBXFileReference section */
		352B69A72BE827ED0055F436 /* fokusable.app */ = {isa = PBXFileReference; explicitFileType = wrapper.application; includeInIndex = 0; path = fokusable.app; sourceTree = BUILT_PRODUCTS_DIR; };
		352B69AA2BE827ED0055F436 /* FokusableApp.swift */ = {isa = PBXFileReference; lastKnownFileType = sourcecode.swift; path = FokusableApp.swift; sourceTree = "<group>"; };
		352B69B02BE827ED0055F436 /* Assets.xcassets */ = {isa = PBXFileReference; lastKnownFileType = folder.assetcatalog; path = Assets.xcassets; sourceTree = "<group>"; };
		352B69B22BE827ED0055F436 /* fokusable.entitlements */ = {isa = PBXFileReference; lastKnownFileType = text.plist.entitlements; path = fokusable.entitlements; sourceTree = "<group>"; };
		352B69B42BE827ED0055F436 /* Preview Assets.xcassets */ = {isa = PBXFileReference; lastKnownFileType = folder.assetcatalog; path = "Preview Assets.xcassets"; sourceTree = "<group>"; };
		352B69BA2BE827EE0055F436 /* fokusableTests.xctest */ = {isa = PBXFileReference; explicitFileType = wrapper.cfbundle; includeInIndex = 0; path = fokusableTests.xctest; sourceTree = BUILT_PRODUCTS_DIR; };
		352B69BE2BE827EE0055F436 /* fokusableTests.swift */ = {isa = PBXFileReference; lastKnownFileType = sourcecode.swift; path = fokusableTests.swift; sourceTree = "<group>"; };
		352B69C42BE827EE0055F436 /* fokusableUITests.xctest */ = {isa = PBXFileReference; explicitFileType = wrapper.cfbundle; includeInIndex = 0; path = fokusableUITests.xctest; sourceTree = BUILT_PRODUCTS_DIR; };
		352B69C82BE827EE0055F436 /* fokusableUITests.swift */ = {isa = PBXFileReference; lastKnownFileType = sourcecode.swift; path = fokusableUITests.swift; sourceTree = "<group>"; };
		352B69CA2BE827EE0055F436 /* fokusableUITestsLaunchTests.swift */ = {isa = PBXFileReference; lastKnownFileType = sourcecode.swift; path = fokusableUITestsLaunchTests.swift; sourceTree = "<group>"; };
		353C52D52C11069D0022D094 /* DayMapper.swift */ = {isa = PBXFileReference; lastKnownFileType = sourcecode.swift; path = DayMapper.swift; sourceTree = "<group>"; };
		353C52D82C110BFE0022D094 /* DayFetchingService.swift */ = {isa = PBXFileReference; lastKnownFileType = sourcecode.swift; path = DayFetchingService.swift; sourceTree = "<group>"; };
		353C52DB2C13A9390022D094 /* NoteFetchingService.swift */ = {isa = PBXFileReference; lastKnownFileType = sourcecode.swift; path = NoteFetchingService.swift; sourceTree = "<group>"; };
		3545B0ED2C673935001BE703 /* DayState.swift */ = {isa = PBXFileReference; lastKnownFileType = sourcecode.swift; path = DayState.swift; sourceTree = "<group>"; };
		3545B0F02C6739FA001BE703 /* NoteState.swift */ = {isa = PBXFileReference; lastKnownFileType = sourcecode.swift; path = NoteState.swift; sourceTree = "<group>"; };
		3545B0F42C673AFF001BE703 /* DayPageView.swift */ = {isa = PBXFileReference; lastKnownFileType = sourcecode.swift; path = DayPageView.swift; sourceTree = "<group>"; };
		3545B0F72C673D80001BE703 /* NotePageView.swift */ = {isa = PBXFileReference; lastKnownFileType = sourcecode.swift; path = NotePageView.swift; sourceTree = "<group>"; };
		3551E4902BEC178100DE61C4 /* Day.swift */ = {isa = PBXFileReference; lastKnownFileType = sourcecode.swift; path = Day.swift; sourceTree = "<group>"; };
		3551E4932BEC17DB00DE61C4 /* DayDatabase.swift */ = {isa = PBXFileReference; lastKnownFileType = sourcecode.swift; path = DayDatabase.swift; sourceTree = "<group>"; };
		35581E4D2BE9754A0047D012 /* Note.swift */ = {isa = PBXFileReference; lastKnownFileType = sourcecode.swift; path = Note.swift; sourceTree = "<group>"; };
		35581E502BE975760047D012 /* NoteDatabase.swift */ = {isa = PBXFileReference; lastKnownFileType = sourcecode.swift; path = NoteDatabase.swift; sourceTree = "<group>"; };
		359477F42C18F1C800E482D5 /* DayItemTests.swift */ = {isa = PBXFileReference; lastKnownFileType = sourcecode.swift; path = DayItemTests.swift; sourceTree = "<group>"; };
		35ABD9C32C1C755B008F3EAB /* NoteMapper.swift */ = {isa = PBXFileReference; lastKnownFileType = sourcecode.swift; path = NoteMapper.swift; sourceTree = "<group>"; };
		35D5F0C42BF9419700FF9ACB /* DayItem.swift */ = {isa = PBXFileReference; lastKnownFileType = sourcecode.swift; path = DayItem.swift; sourceTree = "<group>"; };
		35D5F0C62BF941F400FF9ACB /* NoteItem.swift */ = {isa = PBXFileReference; lastKnownFileType = sourcecode.swift; path = NoteItem.swift; sourceTree = "<group>"; };
		35E95FF82C650091009ACB93 /* ErrorView.swift */ = {isa = PBXFileReference; lastKnownFileType = sourcecode.swift; path = ErrorView.swift; sourceTree = "<group>"; };
		35E95FFB2C672EA1009ACB93 /* DayListView.swift */ = {isa = PBXFileReference; lastKnownFileType = sourcecode.swift; path = DayListView.swift; sourceTree = "<group>"; };
		35E95FFE2C673086009ACB93 /* NoteListView.swift */ = {isa = PBXFileReference; lastKnownFileType = sourcecode.swift; path = NoteListView.swift; sourceTree = "<group>"; };
		35F1789E2C5E0600009F5129 /* CheckBoxView.swift */ = {isa = PBXFileReference; lastKnownFileType = sourcecode.swift; path = CheckBoxView.swift; sourceTree = "<group>"; };
		35F34BFE2C0FB4AE000EE97D /* FokusableView.swift */ = {isa = PBXFileReference; fileEncoding = 4; lastKnownFileType = sourcecode.swift; path = FokusableView.swift; sourceTree = "<group>"; };
		35F34BFF2C0FB4AE000EE97D /* FokusableFeature.swift */ = {isa = PBXFileReference; fileEncoding = 4; lastKnownFileType = sourcecode.swift; path = FokusableFeature.swift; sourceTree = "<group>"; };
		35F34C072C0FB611000EE97D /* DayRepository.swift */ = {isa = PBXFileReference; fileEncoding = 4; lastKnownFileType = sourcecode.swift; path = DayRepository.swift; sourceTree = "<group>"; };
		35F34C082C0FB611000EE97D /* NoteRepository.swift */ = {isa = PBXFileReference; fileEncoding = 4; lastKnownFileType = sourcecode.swift; path = NoteRepository.swift; sourceTree = "<group>"; };
/* End PBXFileReference section */

/* Begin PBXFrameworksBuildPhase section */
		352B69A42BE827ED0055F436 /* Frameworks */ = {
			isa = PBXFrameworksBuildPhase;
			buildActionMask = 2147483647;
			files = (
				355987342BF3FFE2005E816A /* Logging in Frameworks */,
				352B69D92BE828900055F436 /* ComposableArchitecture in Frameworks */,
			);
			runOnlyForDeploymentPostprocessing = 0;
		};
		352B69B72BE827EE0055F436 /* Frameworks */ = {
			isa = PBXFrameworksBuildPhase;
			buildActionMask = 2147483647;
			files = (
			);
			runOnlyForDeploymentPostprocessing = 0;
		};
		352B69C12BE827EE0055F436 /* Frameworks */ = {
			isa = PBXFrameworksBuildPhase;
			buildActionMask = 2147483647;
			files = (
			);
			runOnlyForDeploymentPostprocessing = 0;
		};
/* End PBXFrameworksBuildPhase section */

/* Begin PBXGroup section */
		352B699E2BE827ED0055F436 = {
			isa = PBXGroup;
			children = (
				352B69A92BE827ED0055F436 /* fokusable */,
				352B69BD2BE827EE0055F436 /* fokusableTests */,
				352B69C72BE827EE0055F436 /* fokusableUITests */,
				352B69A82BE827ED0055F436 /* Products */,
			);
			sourceTree = "<group>";
		};
		352B69A82BE827ED0055F436 /* Products */ = {
			isa = PBXGroup;
			children = (
				352B69A72BE827ED0055F436 /* fokusable.app */,
				352B69BA2BE827EE0055F436 /* fokusableTests.xctest */,
				352B69C42BE827EE0055F436 /* fokusableUITests.xctest */,
			);
			name = Products;
			sourceTree = "<group>";
		};
		352B69A92BE827ED0055F436 /* fokusable */ = {
			isa = PBXGroup;
			children = (
				352B69AA2BE827ED0055F436 /* FokusableApp.swift */,
				35FA8DBB2C673824002E71FA /* feature */,
				35E95FFA2C672D13009ACB93 /* component */,
				35F34C0C2C0FB6C7000EE97D /* day */,
				35F34C0D2C0FB6D8000EE97D /* note */,
				352B69B02BE827ED0055F436 /* Assets.xcassets */,
				352B69B22BE827ED0055F436 /* fokusable.entitlements */,
				352B69B32BE827ED0055F436 /* Preview Content */,
			);
			path = fokusable;
			sourceTree = "<group>";
		};
		352B69B32BE827ED0055F436 /* Preview Content */ = {
			isa = PBXGroup;
			children = (
				352B69B42BE827ED0055F436 /* Preview Assets.xcassets */,
			);
			path = "Preview Content";
			sourceTree = "<group>";
		};
		352B69BD2BE827EE0055F436 /* fokusableTests */ = {
			isa = PBXGroup;
			children = (
				359477F32C18F1AA00E482D5 /* day */,
				352B69BE2BE827EE0055F436 /* fokusableTests.swift */,
			);
			path = fokusableTests;
			sourceTree = "<group>";
		};
		352B69C72BE827EE0055F436 /* fokusableUITests */ = {
			isa = PBXGroup;
			children = (
				352B69C82BE827EE0055F436 /* fokusableUITests.swift */,
				352B69CA2BE827EE0055F436 /* fokusableUITestsLaunchTests.swift */,
			);
			path = fokusableUITests;
			sourceTree = "<group>";
		};
		359477F32C18F1AA00E482D5 /* day */ = {
			isa = PBXGroup;
			children = (
				359477F42C18F1C800E482D5 /* DayItemTests.swift */,
			);
			path = day;
			sourceTree = "<group>";
		};
		35E95FFA2C672D13009ACB93 /* component */ = {
			isa = PBXGroup;
			children = (
				35F1789E2C5E0600009F5129 /* CheckBoxView.swift */,
				35E95FF82C650091009ACB93 /* ErrorView.swift */,
			);
			path = component;
			sourceTree = "<group>";
		};
		35F34C0C2C0FB6C7000EE97D /* day */ = {
			isa = PBXGroup;
			children = (
				35F34C0E2C0FB834000EE97D /* database */,
				35F34C072C0FB611000EE97D /* DayRepository.swift */,
				35D5F0C42BF9419700FF9ACB /* DayItem.swift */,
				353C52D52C11069D0022D094 /* DayMapper.swift */,
				353C52D82C110BFE0022D094 /* DayFetchingService.swift */,
			);
			path = day;
			sourceTree = "<group>";
		};
		35F34C0D2C0FB6D8000EE97D /* note */ = {
			isa = PBXGroup;
			children = (
				35F34C0F2C0FB843000EE97D /* database */,
				35F34C082C0FB611000EE97D /* NoteRepository.swift */,
				35D5F0C62BF941F400FF9ACB /* NoteItem.swift */,
				353C52DB2C13A9390022D094 /* NoteFetchingService.swift */,
				35ABD9C32C1C755B008F3EAB /* NoteMapper.swift */,
			);
			path = note;
			sourceTree = "<group>";
		};
		35F34C0E2C0FB834000EE97D /* database */ = {
			isa = PBXGroup;
			children = (
				3551E4902BEC178100DE61C4 /* Day.swift */,
				3551E4932BEC17DB00DE61C4 /* DayDatabase.swift */,
			);
			path = database;
			sourceTree = "<group>";
		};
		35F34C0F2C0FB843000EE97D /* database */ = {
			isa = PBXGroup;
			children = (
				35581E4D2BE9754A0047D012 /* Note.swift */,
				35581E502BE975760047D012 /* NoteDatabase.swift */,
			);
			path = database;
			sourceTree = "<group>";
		};
		35FA8DBB2C673824002E71FA /* feature */ = {
			isa = PBXGroup;
			children = (
				35FA8DBC2C673830002E71FA /* days */,
				35FA8DBD2C67383E002E71FA /* notes */,
				35F34BFF2C0FB4AE000EE97D /* FokusableFeature.swift */,
				35F34BFE2C0FB4AE000EE97D /* FokusableView.swift */,
			);
			path = feature;
			sourceTree = "<group>";
		};
		35FA8DBC2C673830002E71FA /* days */ = {
			isa = PBXGroup;
			children = (
				35E95FFB2C672EA1009ACB93 /* DayListView.swift */,
				3545B0ED2C673935001BE703 /* DayState.swift */,
				3545B0F42C673AFF001BE703 /* DayPageView.swift */,
			);
			path = days;
			sourceTree = "<group>";
		};
		35FA8DBD2C67383E002E71FA /* notes */ = {
			isa = PBXGroup;
			children = (
				35E95FFE2C673086009ACB93 /* NoteListView.swift */,
				3545B0F02C6739FA001BE703 /* NoteState.swift */,
				3545B0F72C673D80001BE703 /* NotePageView.swift */,
			);
			path = notes;
			sourceTree = "<group>";
		};
/* End PBXGroup section */

/* Begin PBXNativeTarget section */
		352B69A62BE827ED0055F436 /* fokusable */ = {
			isa = PBXNativeTarget;
			buildConfigurationList = 352B69CE2BE827EE0055F436 /* Build configuration list for PBXNativeTarget "fokusable" */;
			buildPhases = (
				352B69A32BE827ED0055F436 /* Sources */,
				352B69A42BE827ED0055F436 /* Frameworks */,
				352B69A52BE827ED0055F436 /* Resources */,
			);
			buildRules = (
			);
			dependencies = (
			);
			name = fokusable;
			packageProductDependencies = (
				352B69D82BE828900055F436 /* ComposableArchitecture */,
				355987332BF3FFE2005E816A /* Logging */,
			);
			productName = fokusable;
			productReference = 352B69A72BE827ED0055F436 /* fokusable.app */;
			productType = "com.apple.product-type.application";
		};
		352B69B92BE827EE0055F436 /* fokusableTests */ = {
			isa = PBXNativeTarget;
			buildConfigurationList = 352B69D12BE827EE0055F436 /* Build configuration list for PBXNativeTarget "fokusableTests" */;
			buildPhases = (
				352B69B62BE827EE0055F436 /* Sources */,
				352B69B72BE827EE0055F436 /* Frameworks */,
				352B69B82BE827EE0055F436 /* Resources */,
			);
			buildRules = (
			);
			dependencies = (
				352B69BC2BE827EE0055F436 /* PBXTargetDependency */,
			);
			name = fokusableTests;
			productName = fokusableTests;
			productReference = 352B69BA2BE827EE0055F436 /* fokusableTests.xctest */;
			productType = "com.apple.product-type.bundle.unit-test";
		};
		352B69C32BE827EE0055F436 /* fokusableUITests */ = {
			isa = PBXNativeTarget;
			buildConfigurationList = 352B69D42BE827EE0055F436 /* Build configuration list for PBXNativeTarget "fokusableUITests" */;
			buildPhases = (
				352B69C02BE827EE0055F436 /* Sources */,
				352B69C12BE827EE0055F436 /* Frameworks */,
				352B69C22BE827EE0055F436 /* Resources */,
			);
			buildRules = (
			);
			dependencies = (
				352B69C62BE827EE0055F436 /* PBXTargetDependency */,
			);
			name = fokusableUITests;
			productName = fokusableUITests;
			productReference = 352B69C42BE827EE0055F436 /* fokusableUITests.xctest */;
			productType = "com.apple.product-type.bundle.ui-testing";
		};
/* End PBXNativeTarget section */

/* Begin PBXProject section */
		352B699F2BE827ED0055F436 /* Project object */ = {
			isa = PBXProject;
			attributes = {
				BuildIndependentTargetsInParallel = 1;
				LastSwiftUpdateCheck = 1530;
				LastUpgradeCheck = 1540;
				TargetAttributes = {
					352B69A62BE827ED0055F436 = {
						CreatedOnToolsVersion = 15.3;
					};
					352B69B92BE827EE0055F436 = {
						CreatedOnToolsVersion = 15.3;
						TestTargetID = 352B69A62BE827ED0055F436;
					};
					352B69C32BE827EE0055F436 = {
						CreatedOnToolsVersion = 15.3;
						TestTargetID = 352B69A62BE827ED0055F436;
					};
				};
			};
			buildConfigurationList = 352B69A22BE827ED0055F436 /* Build configuration list for PBXProject "fokusable" */;
			compatibilityVersion = "Xcode 14.0";
			developmentRegion = en;
			hasScannedForEncodings = 0;
			knownRegions = (
				en,
				Base,
			);
			mainGroup = 352B699E2BE827ED0055F436;
			packageReferences = (
				352B69D72BE8288F0055F436 /* XCRemoteSwiftPackageReference "swift-composable-architecture" */,
				355987322BF3FFE2005E816A /* XCRemoteSwiftPackageReference "swift-log" */,
			);
			productRefGroup = 352B69A82BE827ED0055F436 /* Products */;
			projectDirPath = "";
			projectRoot = "";
			targets = (
				352B69A62BE827ED0055F436 /* fokusable */,
				352B69B92BE827EE0055F436 /* fokusableTests */,
				352B69C32BE827EE0055F436 /* fokusableUITests */,
			);
		};
/* End PBXProject section */

/* Begin PBXResourcesBuildPhase section */
		352B69A52BE827ED0055F436 /* Resources */ = {
			isa = PBXResourcesBuildPhase;
			buildActionMask = 2147483647;
			files = (
				352B69B52BE827ED0055F436 /* Preview Assets.xcassets in Resources */,
				352B69B12BE827ED0055F436 /* Assets.xcassets in Resources */,
			);
			runOnlyForDeploymentPostprocessing = 0;
		};
		352B69B82BE827EE0055F436 /* Resources */ = {
			isa = PBXResourcesBuildPhase;
			buildActionMask = 2147483647;
			files = (
			);
			runOnlyForDeploymentPostprocessing = 0;
		};
		352B69C22BE827EE0055F436 /* Resources */ = {
			isa = PBXResourcesBuildPhase;
			buildActionMask = 2147483647;
			files = (
			);
			runOnlyForDeploymentPostprocessing = 0;
		};
/* End PBXResourcesBuildPhase section */

/* Begin PBXSourcesBuildPhase section */
		352B69A32BE827ED0055F436 /* Sources */ = {
			isa = PBXSourcesBuildPhase;
			buildActionMask = 2147483647;
			files = (
				35F1789F2C5E0600009F5129 /* CheckBoxView.swift in Sources */,
				35581E512BE975760047D012 /* NoteDatabase.swift in Sources */,
				353C52DC2C13A9390022D094 /* NoteFetchingService.swift in Sources */,
				35F34C092C0FB611000EE97D /* DayRepository.swift in Sources */,
				35E95FF92C650091009ACB93 /* ErrorView.swift in Sources */,
				3545B0F82C673D80001BE703 /* NotePageView.swift in Sources */,
				3545B0F12C6739FA001BE703 /* NoteState.swift in Sources */,
				35F34C0A2C0FB611000EE97D /* NoteRepository.swift in Sources */,
				353C52D92C110BFE0022D094 /* DayFetchingService.swift in Sources */,
				352B69AB2BE827ED0055F436 /* FokusableApp.swift in Sources */,
				3545B0EE2C673935001BE703 /* DayState.swift in Sources */,
				35ABD9C42C1C755B008F3EAB /* NoteMapper.swift in Sources */,
				35F34C012C0FB4AE000EE97D /* FokusableFeature.swift in Sources */,
				35F34C002C0FB4AE000EE97D /* FokusableView.swift in Sources */,
				3551E4942BEC17DB00DE61C4 /* DayDatabase.swift in Sources */,
				3551E4912BEC178100DE61C4 /* Day.swift in Sources */,
				35581E4E2BE9754A0047D012 /* Note.swift in Sources */,
				3545B0F52C673AFF001BE703 /* DayPageView.swift in Sources */,
				35D5F0C52BF9419700FF9ACB /* DayItem.swift in Sources */,
				353C52D62C11069D0022D094 /* DayMapper.swift in Sources */,
				35D5F0C72BF941F400FF9ACB /* NoteItem.swift in Sources */,
				35E95FFC2C672EA1009ACB93 /* DayListView.swift in Sources */,
				35E95FFF2C673086009ACB93 /* NoteListView.swift in Sources */,
			);
			runOnlyForDeploymentPostprocessing = 0;
		};
		352B69B62BE827EE0055F436 /* Sources */ = {
			isa = PBXSourcesBuildPhase;
			buildActionMask = 2147483647;
			files = (
				35B0AF9D2C16495F00019782 /* DayRepository.swift in Sources */,
				3551E4922BEC178100DE61C4 /* Day.swift in Sources */,
				3545B0F62C673AFF001BE703 /* DayPageView.swift in Sources */,
				3545B0F22C6739FA001BE703 /* NoteState.swift in Sources */,
				3545B0EF2C673935001BE703 /* DayState.swift in Sources */,
				353C52DD2C13A9390022D094 /* NoteFetchingService.swift in Sources */,
				353C52DA2C110BFE0022D094 /* DayFetchingService.swift in Sources */,
				35581E522BE975760047D012 /* NoteDatabase.swift in Sources */,
				35B0AF9B2C16493600019782 /* NoteItem.swift in Sources */,
				352B69BF2BE827EE0055F436 /* fokusableTests.swift in Sources */,
				35B0AF9C2C16494D00019782 /* DayItem.swift in Sources */,
				359477F52C18F1C800E482D5 /* DayItemTests.swift in Sources */,
				35581E4F2BE9754A0047D012 /* Note.swift in Sources */,
				3545B0F92C673D80001BE703 /* NotePageView.swift in Sources */,
				35ABD9C52C1C755B008F3EAB /* NoteMapper.swift in Sources */,
				353C52D72C11069D0022D094 /* DayMapper.swift in Sources */,
				3551E4952BEC17DB00DE61C4 /* DayDatabase.swift in Sources */,
			);
			runOnlyForDeploymentPostprocessing = 0;
		};
		352B69C02BE827EE0055F436 /* Sources */ = {
			isa = PBXSourcesBuildPhase;
			buildActionMask = 2147483647;
			files = (
				352B69C92BE827EE0055F436 /* fokusableUITests.swift in Sources */,
				352B69CB2BE827EE0055F436 /* fokusableUITestsLaunchTests.swift in Sources */,
			);
			runOnlyForDeploymentPostprocessing = 0;
		};
/* End PBXSourcesBuildPhase section */

/* Begin PBXTargetDependency section */
		352B69BC2BE827EE0055F436 /* PBXTargetDependency */ = {
			isa = PBXTargetDependency;
			target = 352B69A62BE827ED0055F436 /* fokusable */;
			targetProxy = 352B69BB2BE827EE0055F436 /* PBXContainerItemProxy */;
		};
		352B69C62BE827EE0055F436 /* PBXTargetDependency */ = {
			isa = PBXTargetDependency;
			target = 352B69A62BE827ED0055F436 /* fokusable */;
			targetProxy = 352B69C52BE827EE0055F436 /* PBXContainerItemProxy */;
		};
/* End PBXTargetDependency section */

/* Begin XCBuildConfiguration section */
		352B69CC2BE827EE0055F436 /* Debug */ = {
			isa = XCBuildConfiguration;
			buildSettings = {
				ALWAYS_SEARCH_USER_PATHS = NO;
				ASSETCATALOG_COMPILER_GENERATE_SWIFT_ASSET_SYMBOL_EXTENSIONS = YES;
				CLANG_ANALYZER_NONNULL = YES;
				CLANG_ANALYZER_NUMBER_OBJECT_CONVERSION = YES_AGGRESSIVE;
				CLANG_CXX_LANGUAGE_STANDARD = "gnu++20";
				CLANG_ENABLE_MODULES = YES;
				CLANG_ENABLE_OBJC_ARC = YES;
				CLANG_ENABLE_OBJC_WEAK = YES;
				CLANG_WARN_BLOCK_CAPTURE_AUTORELEASING = YES;
				CLANG_WARN_BOOL_CONVERSION = YES;
				CLANG_WARN_COMMA = YES;
				CLANG_WARN_CONSTANT_CONVERSION = YES;
				CLANG_WARN_DEPRECATED_OBJC_IMPLEMENTATIONS = YES;
				CLANG_WARN_DIRECT_OBJC_ISA_USAGE = YES_ERROR;
				CLANG_WARN_DOCUMENTATION_COMMENTS = YES;
				CLANG_WARN_EMPTY_BODY = YES;
				CLANG_WARN_ENUM_CONVERSION = YES;
				CLANG_WARN_INFINITE_RECURSION = YES;
				CLANG_WARN_INT_CONVERSION = YES;
				CLANG_WARN_NON_LITERAL_NULL_CONVERSION = YES;
				CLANG_WARN_OBJC_IMPLICIT_RETAIN_SELF = YES;
				CLANG_WARN_OBJC_LITERAL_CONVERSION = YES;
				CLANG_WARN_OBJC_ROOT_CLASS = YES_ERROR;
				CLANG_WARN_QUOTED_INCLUDE_IN_FRAMEWORK_HEADER = YES;
				CLANG_WARN_RANGE_LOOP_ANALYSIS = YES;
				CLANG_WARN_STRICT_PROTOTYPES = YES;
				CLANG_WARN_SUSPICIOUS_MOVE = YES;
				CLANG_WARN_UNGUARDED_AVAILABILITY = YES_AGGRESSIVE;
				CLANG_WARN_UNREACHABLE_CODE = YES;
				CLANG_WARN__DUPLICATE_METHOD_MATCH = YES;
				COPY_PHASE_STRIP = NO;
				DEAD_CODE_STRIPPING = YES;
				DEBUG_INFORMATION_FORMAT = dwarf;
				ENABLE_STRICT_OBJC_MSGSEND = YES;
				ENABLE_TESTABILITY = YES;
				ENABLE_USER_SCRIPT_SANDBOXING = YES;
				GCC_C_LANGUAGE_STANDARD = gnu17;
				GCC_DYNAMIC_NO_PIC = NO;
				GCC_NO_COMMON_BLOCKS = YES;
				GCC_OPTIMIZATION_LEVEL = 0;
				GCC_PREPROCESSOR_DEFINITIONS = (
					"DEBUG=1",
					"$(inherited)",
				);
				GCC_WARN_64_TO_32_BIT_CONVERSION = YES;
				GCC_WARN_ABOUT_RETURN_TYPE = YES_ERROR;
				GCC_WARN_UNDECLARED_SELECTOR = YES;
				GCC_WARN_UNINITIALIZED_AUTOS = YES_AGGRESSIVE;
				GCC_WARN_UNUSED_FUNCTION = YES;
				GCC_WARN_UNUSED_VARIABLE = YES;
				LOCALIZATION_PREFERS_STRING_CATALOGS = YES;
				MTL_ENABLE_DEBUG_INFO = INCLUDE_SOURCE;
				MTL_FAST_MATH = YES;
				ONLY_ACTIVE_ARCH = YES;
				SWIFT_ACTIVE_COMPILATION_CONDITIONS = "DEBUG $(inherited)";
				SWIFT_OPTIMIZATION_LEVEL = "-Onone";
			};
			name = Debug;
		};
		352B69CD2BE827EE0055F436 /* Release */ = {
			isa = XCBuildConfiguration;
			buildSettings = {
				ALWAYS_SEARCH_USER_PATHS = NO;
				ASSETCATALOG_COMPILER_GENERATE_SWIFT_ASSET_SYMBOL_EXTENSIONS = YES;
				CLANG_ANALYZER_NONNULL = YES;
				CLANG_ANALYZER_NUMBER_OBJECT_CONVERSION = YES_AGGRESSIVE;
				CLANG_CXX_LANGUAGE_STANDARD = "gnu++20";
				CLANG_ENABLE_MODULES = YES;
				CLANG_ENABLE_OBJC_ARC = YES;
				CLANG_ENABLE_OBJC_WEAK = YES;
				CLANG_WARN_BLOCK_CAPTURE_AUTORELEASING = YES;
				CLANG_WARN_BOOL_CONVERSION = YES;
				CLANG_WARN_COMMA = YES;
				CLANG_WARN_CONSTANT_CONVERSION = YES;
				CLANG_WARN_DEPRECATED_OBJC_IMPLEMENTATIONS = YES;
				CLANG_WARN_DIRECT_OBJC_ISA_USAGE = YES_ERROR;
				CLANG_WARN_DOCUMENTATION_COMMENTS = YES;
				CLANG_WARN_EMPTY_BODY = YES;
				CLANG_WARN_ENUM_CONVERSION = YES;
				CLANG_WARN_INFINITE_RECURSION = YES;
				CLANG_WARN_INT_CONVERSION = YES;
				CLANG_WARN_NON_LITERAL_NULL_CONVERSION = YES;
				CLANG_WARN_OBJC_IMPLICIT_RETAIN_SELF = YES;
				CLANG_WARN_OBJC_LITERAL_CONVERSION = YES;
				CLANG_WARN_OBJC_ROOT_CLASS = YES_ERROR;
				CLANG_WARN_QUOTED_INCLUDE_IN_FRAMEWORK_HEADER = YES;
				CLANG_WARN_RANGE_LOOP_ANALYSIS = YES;
				CLANG_WARN_STRICT_PROTOTYPES = YES;
				CLANG_WARN_SUSPICIOUS_MOVE = YES;
				CLANG_WARN_UNGUARDED_AVAILABILITY = YES_AGGRESSIVE;
				CLANG_WARN_UNREACHABLE_CODE = YES;
				CLANG_WARN__DUPLICATE_METHOD_MATCH = YES;
				COPY_PHASE_STRIP = NO;
				DEAD_CODE_STRIPPING = YES;
				DEBUG_INFORMATION_FORMAT = "dwarf-with-dsym";
				ENABLE_NS_ASSERTIONS = NO;
				ENABLE_STRICT_OBJC_MSGSEND = YES;
				ENABLE_USER_SCRIPT_SANDBOXING = YES;
				GCC_C_LANGUAGE_STANDARD = gnu17;
				GCC_NO_COMMON_BLOCKS = YES;
				GCC_WARN_64_TO_32_BIT_CONVERSION = YES;
				GCC_WARN_ABOUT_RETURN_TYPE = YES_ERROR;
				GCC_WARN_UNDECLARED_SELECTOR = YES;
				GCC_WARN_UNINITIALIZED_AUTOS = YES_AGGRESSIVE;
				GCC_WARN_UNUSED_FUNCTION = YES;
				GCC_WARN_UNUSED_VARIABLE = YES;
				LOCALIZATION_PREFERS_STRING_CATALOGS = YES;
				MTL_ENABLE_DEBUG_INFO = NO;
				MTL_FAST_MATH = YES;
				SWIFT_COMPILATION_MODE = wholemodule;
			};
			name = Release;
		};
		352B69CF2BE827EE0055F436 /* Debug */ = {
			isa = XCBuildConfiguration;
			buildSettings = {
				ASSETCATALOG_COMPILER_APPICON_NAME = AppIcon;
				ASSETCATALOG_COMPILER_GLOBAL_ACCENT_COLOR_NAME = AccentColor;
				CODE_SIGN_ENTITLEMENTS = fokusable/fokusable.entitlements;
				CODE_SIGN_STYLE = Automatic;
				CURRENT_PROJECT_VERSION = 1;
				DEAD_CODE_STRIPPING = YES;
				DEVELOPMENT_ASSET_PATHS = "\"fokusable/Preview Content\"";
				ENABLE_PREVIEWS = YES;
				GENERATE_INFOPLIST_FILE = YES;
				"INFOPLIST_KEY_UIApplicationSceneManifest_Generation[sdk=iphoneos*]" = YES;
				"INFOPLIST_KEY_UIApplicationSceneManifest_Generation[sdk=iphonesimulator*]" = YES;
				"INFOPLIST_KEY_UIApplicationSupportsIndirectInputEvents[sdk=iphoneos*]" = YES;
				"INFOPLIST_KEY_UIApplicationSupportsIndirectInputEvents[sdk=iphonesimulator*]" = YES;
				"INFOPLIST_KEY_UILaunchScreen_Generation[sdk=iphoneos*]" = YES;
				"INFOPLIST_KEY_UILaunchScreen_Generation[sdk=iphonesimulator*]" = YES;
				"INFOPLIST_KEY_UIStatusBarStyle[sdk=iphoneos*]" = UIStatusBarStyleDefault;
				"INFOPLIST_KEY_UIStatusBarStyle[sdk=iphonesimulator*]" = UIStatusBarStyleDefault;
				INFOPLIST_KEY_UISupportedInterfaceOrientations_iPad = "UIInterfaceOrientationPortrait UIInterfaceOrientationPortraitUpsideDown UIInterfaceOrientationLandscapeLeft UIInterfaceOrientationLandscapeRight";
				INFOPLIST_KEY_UISupportedInterfaceOrientations_iPhone = "UIInterfaceOrientationPortrait UIInterfaceOrientationLandscapeLeft UIInterfaceOrientationLandscapeRight";
				IPHONEOS_DEPLOYMENT_TARGET = 17.4;
				LD_RUNPATH_SEARCH_PATHS = "@executable_path/Frameworks";
				"LD_RUNPATH_SEARCH_PATHS[sdk=macosx*]" = "@executable_path/../Frameworks";
				MACOSX_DEPLOYMENT_TARGET = 14.0;
				MARKETING_VERSION = 1.0;
				PRODUCT_BUNDLE_IDENTIFIER = com.okuzawats.fokusable;
				PRODUCT_NAME = "$(TARGET_NAME)";
				SDKROOT = auto;
				SUPPORTED_PLATFORMS = "iphoneos iphonesimulator macosx";
				SWIFT_EMIT_LOC_STRINGS = YES;
				SWIFT_VERSION = 5.0;
				TARGETED_DEVICE_FAMILY = "1,2";
			};
			name = Debug;
		};
		352B69D02BE827EE0055F436 /* Release */ = {
			isa = XCBuildConfiguration;
			buildSettings = {
				ASSETCATALOG_COMPILER_APPICON_NAME = AppIcon;
				ASSETCATALOG_COMPILER_GLOBAL_ACCENT_COLOR_NAME = AccentColor;
				CODE_SIGN_ENTITLEMENTS = fokusable/fokusable.entitlements;
				CODE_SIGN_STYLE = Automatic;
				CURRENT_PROJECT_VERSION = 1;
				DEAD_CODE_STRIPPING = YES;
				DEVELOPMENT_ASSET_PATHS = "\"fokusable/Preview Content\"";
				ENABLE_PREVIEWS = YES;
				GENERATE_INFOPLIST_FILE = YES;
				"INFOPLIST_KEY_UIApplicationSceneManifest_Generation[sdk=iphoneos*]" = YES;
				"INFOPLIST_KEY_UIApplicationSceneManifest_Generation[sdk=iphonesimulator*]" = YES;
				"INFOPLIST_KEY_UIApplicationSupportsIndirectInputEvents[sdk=iphoneos*]" = YES;
				"INFOPLIST_KEY_UIApplicationSupportsIndirectInputEvents[sdk=iphonesimulator*]" = YES;
				"INFOPLIST_KEY_UILaunchScreen_Generation[sdk=iphoneos*]" = YES;
				"INFOPLIST_KEY_UILaunchScreen_Generation[sdk=iphonesimulator*]" = YES;
				"INFOPLIST_KEY_UIStatusBarStyle[sdk=iphoneos*]" = UIStatusBarStyleDefault;
				"INFOPLIST_KEY_UIStatusBarStyle[sdk=iphonesimulator*]" = UIStatusBarStyleDefault;
				INFOPLIST_KEY_UISupportedInterfaceOrientations_iPad = "UIInterfaceOrientationPortrait UIInterfaceOrientationPortraitUpsideDown UIInterfaceOrientationLandscapeLeft UIInterfaceOrientationLandscapeRight";
				INFOPLIST_KEY_UISupportedInterfaceOrientations_iPhone = "UIInterfaceOrientationPortrait UIInterfaceOrientationLandscapeLeft UIInterfaceOrientationLandscapeRight";
				IPHONEOS_DEPLOYMENT_TARGET = 17.4;
				LD_RUNPATH_SEARCH_PATHS = "@executable_path/Frameworks";
				"LD_RUNPATH_SEARCH_PATHS[sdk=macosx*]" = "@executable_path/../Frameworks";
				MACOSX_DEPLOYMENT_TARGET = 14.0;
				MARKETING_VERSION = 1.0;
				PRODUCT_BUNDLE_IDENTIFIER = com.okuzawats.fokusable;
				PRODUCT_NAME = "$(TARGET_NAME)";
				SDKROOT = auto;
				SUPPORTED_PLATFORMS = "iphoneos iphonesimulator macosx";
				SWIFT_EMIT_LOC_STRINGS = YES;
				SWIFT_VERSION = 5.0;
				TARGETED_DEVICE_FAMILY = "1,2";
			};
			name = Release;
		};
		352B69D22BE827EE0055F436 /* Debug */ = {
			isa = XCBuildConfiguration;
			buildSettings = {
				ALWAYS_EMBED_SWIFT_STANDARD_LIBRARIES = YES;
				BUNDLE_LOADER = "$(TEST_HOST)";
				CODE_SIGN_STYLE = Automatic;
				CURRENT_PROJECT_VERSION = 1;
				DEAD_CODE_STRIPPING = YES;
				GENERATE_INFOPLIST_FILE = YES;
				IPHONEOS_DEPLOYMENT_TARGET = 17.4;
				MACOSX_DEPLOYMENT_TARGET = 14.4;
				MARKETING_VERSION = 1.0;
				PRODUCT_BUNDLE_IDENTIFIER = com.okuzawats.fokusableTests;
				PRODUCT_NAME = "$(TARGET_NAME)";
				SDKROOT = auto;
				SUPPORTED_PLATFORMS = "iphoneos iphonesimulator macosx";
				SWIFT_EMIT_LOC_STRINGS = NO;
				SWIFT_VERSION = 5.0;
				TARGETED_DEVICE_FAMILY = "1,2";
				TEST_HOST = "$(BUILT_PRODUCTS_DIR)/fokusable.app/$(BUNDLE_EXECUTABLE_FOLDER_PATH)/fokusable";
			};
			name = Debug;
		};
		352B69D32BE827EE0055F436 /* Release */ = {
			isa = XCBuildConfiguration;
			buildSettings = {
				ALWAYS_EMBED_SWIFT_STANDARD_LIBRARIES = YES;
				BUNDLE_LOADER = "$(TEST_HOST)";
				CODE_SIGN_STYLE = Automatic;
				CURRENT_PROJECT_VERSION = 1;
				DEAD_CODE_STRIPPING = YES;
				GENERATE_INFOPLIST_FILE = YES;
				IPHONEOS_DEPLOYMENT_TARGET = 17.4;
				MACOSX_DEPLOYMENT_TARGET = 14.4;
				MARKETING_VERSION = 1.0;
				PRODUCT_BUNDLE_IDENTIFIER = com.okuzawats.fokusableTests;
				PRODUCT_NAME = "$(TARGET_NAME)";
				SDKROOT = auto;
				SUPPORTED_PLATFORMS = "iphoneos iphonesimulator macosx";
				SWIFT_EMIT_LOC_STRINGS = NO;
				SWIFT_VERSION = 5.0;
				TARGETED_DEVICE_FAMILY = "1,2";
				TEST_HOST = "$(BUILT_PRODUCTS_DIR)/fokusable.app/$(BUNDLE_EXECUTABLE_FOLDER_PATH)/fokusable";
			};
			name = Release;
		};
		352B69D52BE827EE0055F436 /* Debug */ = {
			isa = XCBuildConfiguration;
			buildSettings = {
				ALWAYS_EMBED_SWIFT_STANDARD_LIBRARIES = YES;
				CODE_SIGN_STYLE = Automatic;
				CURRENT_PROJECT_VERSION = 1;
				DEAD_CODE_STRIPPING = YES;
				GENERATE_INFOPLIST_FILE = YES;
				IPHONEOS_DEPLOYMENT_TARGET = 17.4;
				MACOSX_DEPLOYMENT_TARGET = 14.4;
				MARKETING_VERSION = 1.0;
				PRODUCT_BUNDLE_IDENTIFIER = com.okuzawats.fokusableUITests;
				PRODUCT_NAME = "$(TARGET_NAME)";
				SDKROOT = auto;
				SUPPORTED_PLATFORMS = "iphoneos iphonesimulator macosx";
				SWIFT_EMIT_LOC_STRINGS = NO;
				SWIFT_VERSION = 5.0;
				TARGETED_DEVICE_FAMILY = "1,2";
				TEST_TARGET_NAME = fokusable;
			};
			name = Debug;
		};
		352B69D62BE827EE0055F436 /* Release */ = {
			isa = XCBuildConfiguration;
			buildSettings = {
				ALWAYS_EMBED_SWIFT_STANDARD_LIBRARIES = YES;
				CODE_SIGN_STYLE = Automatic;
				CURRENT_PROJECT_VERSION = 1;
				DEAD_CODE_STRIPPING = YES;
				GENERATE_INFOPLIST_FILE = YES;
				IPHONEOS_DEPLOYMENT_TARGET = 17.4;
				MACOSX_DEPLOYMENT_TARGET = 14.4;
				MARKETING_VERSION = 1.0;
				PRODUCT_BUNDLE_IDENTIFIER = com.okuzawats.fokusableUITests;
				PRODUCT_NAME = "$(TARGET_NAME)";
				SDKROOT = auto;
				SUPPORTED_PLATFORMS = "iphoneos iphonesimulator macosx";
				SWIFT_EMIT_LOC_STRINGS = NO;
				SWIFT_VERSION = 5.0;
				TARGETED_DEVICE_FAMILY = "1,2";
				TEST_TARGET_NAME = fokusable;
			};
			name = Release;
		};
/* End XCBuildConfiguration section */

/* Begin XCConfigurationList section */
		352B69A22BE827ED0055F436 /* Build configuration list for PBXProject "fokusable" */ = {
			isa = XCConfigurationList;
			buildConfigurations = (
				352B69CC2BE827EE0055F436 /* Debug */,
				352B69CD2BE827EE0055F436 /* Release */,
			);
			defaultConfigurationIsVisible = 0;
			defaultConfigurationName = Release;
		};
		352B69CE2BE827EE0055F436 /* Build configuration list for PBXNativeTarget "fokusable" */ = {
			isa = XCConfigurationList;
			buildConfigurations = (
				352B69CF2BE827EE0055F436 /* Debug */,
				352B69D02BE827EE0055F436 /* Release */,
			);
			defaultConfigurationIsVisible = 0;
			defaultConfigurationName = Release;
		};
		352B69D12BE827EE0055F436 /* Build configuration list for PBXNativeTarget "fokusableTests" */ = {
			isa = XCConfigurationList;
			buildConfigurations = (
				352B69D22BE827EE0055F436 /* Debug */,
				352B69D32BE827EE0055F436 /* Release */,
			);
			defaultConfigurationIsVisible = 0;
			defaultConfigurationName = Release;
		};
		352B69D42BE827EE0055F436 /* Build configuration list for PBXNativeTarget "fokusableUITests" */ = {
			isa = XCConfigurationList;
			buildConfigurations = (
				352B69D52BE827EE0055F436 /* Debug */,
				352B69D62BE827EE0055F436 /* Release */,
			);
			defaultConfigurationIsVisible = 0;
			defaultConfigurationName = Release;
		};
/* End XCConfigurationList section */

/* Begin XCRemoteSwiftPackageReference section */
		352B69D72BE8288F0055F436 /* XCRemoteSwiftPackageReference "swift-composable-architecture" */ = {
			isa = XCRemoteSwiftPackageReference;
			repositoryURL = "https://github.com/pointfreeco/swift-composable-architecture";
			requirement = {
				kind = upToNextMajorVersion;
				minimumVersion = 1.10.2;
			};
		};
		355987322BF3FFE2005E816A /* XCRemoteSwiftPackageReference "swift-log" */ = {
			isa = XCRemoteSwiftPackageReference;
			repositoryURL = "https://github.com/apple/swift-log.git";
			requirement = {
				kind = upToNextMajorVersion;
				minimumVersion = 1.5.4;
			};
		};
/* End XCRemoteSwiftPackageReference section */

/* Begin XCSwiftPackageProductDependency section */
		352B69D82BE828900055F436 /* ComposableArchitecture */ = {
			isa = XCSwiftPackageProductDependency;
			package = 352B69D72BE8288F0055F436 /* XCRemoteSwiftPackageReference "swift-composable-architecture" */;
			productName = ComposableArchitecture;
		};
		355987332BF3FFE2005E816A /* Logging */ = {
			isa = XCSwiftPackageProductDependency;
			package = 355987322BF3FFE2005E816A /* XCRemoteSwiftPackageReference "swift-log" */;
			productName = Logging;
		};
/* End XCSwiftPackageProductDependency section */
	};
	rootObject = 352B699F2BE827ED0055F436 /* Project object */;
}
