// !$*UTF8*$!
{
	archiveVersion = 1;
	classes = {
	};
	objectVersion = 56;
	objects = {

/* Begin PBXBuildFile section */
		352B69AB2BE827ED0055F436 /* fokusableApp.swift in Sources */ = {isa = PBXBuildFile; fileRef = 352B69AA2BE827ED0055F436 /* fokusableApp.swift */; };
		352B69B12BE827ED0055F436 /* Assets.xcassets in Resources */ = {isa = PBXBuildFile; fileRef = 352B69B02BE827ED0055F436 /* Assets.xcassets */; };
		352B69B52BE827ED0055F436 /* Preview Assets.xcassets in Resources */ = {isa = PBXBuildFile; fileRef = 352B69B42BE827ED0055F436 /* Preview Assets.xcassets */; };
		352B69BF2BE827EE0055F436 /* fokusableTests.swift in Sources */ = {isa = PBXBuildFile; fileRef = 352B69BE2BE827EE0055F436 /* fokusableTests.swift */; };
		352B69C92BE827EE0055F436 /* fokusableUITests.swift in Sources */ = {isa = PBXBuildFile; fileRef = 352B69C82BE827EE0055F436 /* fokusableUITests.swift */; };
		352B69CB2BE827EE0055F436 /* fokusableUITestsLaunchTests.swift in Sources */ = {isa = PBXBuildFile; fileRef = 352B69CA2BE827EE0055F436 /* fokusableUITestsLaunchTests.swift */; };
		352B69D92BE828900055F436 /* ComposableArchitecture in Frameworks */ = {isa = PBXBuildFile; productRef = 352B69D82BE828900055F436 /* ComposableArchitecture */; };
		35581E4E2BE9754A0047D012 /* Note.swift in Sources */ = {isa = PBXBuildFile; fileRef = 35581E4D2BE9754A0047D012 /* Note.swift */; };
		35581E4F2BE9754A0047D012 /* Note.swift in Sources */ = {isa = PBXBuildFile; fileRef = 35581E4D2BE9754A0047D012 /* Note.swift */; };
		35581E512BE975760047D012 /* NoteDatabase.swift in Sources */ = {isa = PBXBuildFile; fileRef = 35581E502BE975760047D012 /* NoteDatabase.swift */; };
		35581E522BE975760047D012 /* NoteDatabase.swift in Sources */ = {isa = PBXBuildFile; fileRef = 35581E502BE975760047D012 /* NoteDatabase.swift */; };
		35581E542BE975D00047D012 /* NoteRepository.swift in Sources */ = {isa = PBXBuildFile; fileRef = 35581E532BE975D00047D012 /* NoteRepository.swift */; };
		35581E552BE975D00047D012 /* NoteRepository.swift in Sources */ = {isa = PBXBuildFile; fileRef = 35581E532BE975D00047D012 /* NoteRepository.swift */; };
		35581E572BE975E40047D012 /* NoteFeature.swift in Sources */ = {isa = PBXBuildFile; fileRef = 35581E562BE975E40047D012 /* NoteFeature.swift */; };
		35581E582BE975E40047D012 /* NoteFeature.swift in Sources */ = {isa = PBXBuildFile; fileRef = 35581E562BE975E40047D012 /* NoteFeature.swift */; };
		35581E5A2BE9764A0047D012 /* NoteView.swift in Sources */ = {isa = PBXBuildFile; fileRef = 35581E592BE9764A0047D012 /* NoteView.swift */; };
/* End PBXBuildFile section */

/* Begin PBXContainerItemProxy section */
		352B69BB2BE827EE0055F436 /* PBXContainerItemProxy */ = {
			isa = PBXContainerItemProxy;
			containerPortal = 352B699F2BE827ED0055F436 /* Project object */;
			proxyType = 1;
			remoteGlobalIDString = 352B69A62BE827ED0055F436;
			remoteInfo = fokusable;
		};
		352B69C52BE827EE0055F436 /* PBXContainerItemProxy */ = {
			isa = PBXContainerItemProxy;
			containerPortal = 352B699F2BE827ED0055F436 /* Project object */;
			proxyType = 1;
			remoteGlobalIDString = 352B69A62BE827ED0055F436;
			remoteInfo = fokusable;
		};
/* End PBXContainerItemProxy section */

/* Begin PBXFileReference section */
		352B69A72BE827ED0055F436 /* fokusable.app */ = {isa = PBXFileReference; explicitFileType = wrapper.application; includeInIndex = 0; path = fokusable.app; sourceTree = BUILT_PRODUCTS_DIR; };
		352B69AA2BE827ED0055F436 /* fokusableApp.swift */ = {isa = PBXFileReference; lastKnownFileType = sourcecode.swift; path = fokusableApp.swift; sourceTree = "<group>"; };
		352B69B02BE827ED0055F436 /* Assets.xcassets */ = {isa = PBXFileReference; lastKnownFileType = folder.assetcatalog; path = Assets.xcassets; sourceTree = "<group>"; };
		352B69B22BE827ED0055F436 /* fokusable.entitlements */ = {isa = PBXFileReference; lastKnownFileType = text.plist.entitlements; path = fokusable.entitlements; sourceTree = "<group>"; };
		352B69B42BE827ED0055F436 /* Preview Assets.xcassets */ = {isa = PBXFileReference; lastKnownFileType = folder.assetcatalog; path = "Preview Assets.xcassets"; sourceTree = "<group>"; };
		352B69BA2BE827EE0055F436 /* fokusableTests.xctest */ = {isa = PBXFileReference; explicitFileType = wrapper.cfbundle; includeInIndex = 0; path = fokusableTests.xctest; sourceTree = BUILT_PRODUCTS_DIR; };
		352B69BE2BE827EE0055F436 /* fokusableTests.swift */ = {isa = PBXFileReference; lastKnownFileType = sourcecode.swift; path = fokusableTests.swift; sourceTree = "<group>"; };
		352B69C42BE827EE0055F436 /* fokusableUITests.xctest */ = {isa = PBXFileReference; explicitFileType = wrapper.cfbundle; includeInIndex = 0; path = fokusableUITests.xctest; sourceTree = BUILT_PRODUCTS_DIR; };
		352B69C82BE827EE0055F436 /* fokusableUITests.swift */ = {isa = PBXFileReference; lastKnownFileType = sourcecode.swift; path = fokusableUITests.swift; sourceTree = "<group>"; };
		352B69CA2BE827EE0055F436 /* fokusableUITestsLaunchTests.swift */ = {isa = PBXFileReference; lastKnownFileType = sourcecode.swift; path = fokusableUITestsLaunchTests.swift; sourceTree = "<group>"; };
		35581E4D2BE9754A0047D012 /* Note.swift */ = {isa = PBXFileReference; lastKnownFileType = sourcecode.swift; path = Note.swift; sourceTree = "<group>"; };
		35581E502BE975760047D012 /* NoteDatabase.swift */ = {isa = PBXFileReference; lastKnownFileType = sourcecode.swift; path = NoteDatabase.swift; sourceTree = "<group>"; };
		35581E532BE975D00047D012 /* NoteRepository.swift */ = {isa = PBXFileReference; lastKnownFileType = sourcecode.swift; path = NoteRepository.swift; sourceTree = "<group>"; };
		35581E562BE975E40047D012 /* NoteFeature.swift */ = {isa = PBXFileReference; lastKnownFileType = sourcecode.swift; path = NoteFeature.swift; sourceTree = "<group>"; };
		35581E592BE9764A0047D012 /* NoteView.swift */ = {isa = PBXFileReference; lastKnownFileType = sourcecode.swift; path = NoteView.swift; sourceTree = "<group>"; };
/* End PBXFileReference section */

/* Begin PBXFrameworksBuildPhase section */
		352B69A42BE827ED0055F436 /* Frameworks */ = {
			isa = PBXFrameworksBuildPhase;
			buildActionMask = 2147483647;
			files = (
				352B69D92BE828900055F436 /* ComposableArchitecture in Frameworks */,
			);
			runOnlyForDeploymentPostprocessing = 0;
		};
		352B69B72BE827EE0055F436 /* Frameworks */ = {
			isa = PBXFrameworksBuildPhase;
			buildActionMask = 2147483647;
			files = (
			);
			runOnlyForDeploymentPostprocessing = 0;
		};
		352B69C12BE827EE0055F436 /* Frameworks */ = {
			isa = PBXFrameworksBuildPhase;
			buildActionMask = 2147483647;
			files = (
			);
			runOnlyForDeploymentPostprocessing = 0;
		};
/* End PBXFrameworksBuildPhase section */

/* Begin PBXGroup section */
		352B699E2BE827ED0055F436 = {
			isa = PBXGroup;
			children = (
				352B69A92BE827ED0055F436 /* fokusable */,
				352B69BD2BE827EE0055F436 /* fokusableTests */,
				352B69C72BE827EE0055F436 /* fokusableUITests */,
				352B69A82BE827ED0055F436 /* Products */,
			);
			sourceTree = "<group>";
		};
		352B69A82BE827ED0055F436 /* Products */ = {
			isa = PBXGroup;
			children = (
				352B69A72BE827ED0055F436 /* fokusable.app */,
				352B69BA2BE827EE0055F436 /* fokusableTests.xctest */,
				352B69C42BE827EE0055F436 /* fokusableUITests.xctest */,
			);
			name = Products;
			sourceTree = "<group>";
		};
		352B69A92BE827ED0055F436 /* fokusable */ = {
			isa = PBXGroup;
			children = (
				35581E4A2BE975240047D012 /* feature */,
				352B69AA2BE827ED0055F436 /* fokusableApp.swift */,
				352B69B02BE827ED0055F436 /* Assets.xcassets */,
				352B69B22BE827ED0055F436 /* fokusable.entitlements */,
				352B69B32BE827ED0055F436 /* Preview Content */,
			);
			path = fokusable;
			sourceTree = "<group>";
		};
		352B69B32BE827ED0055F436 /* Preview Content */ = {
			isa = PBXGroup;
			children = (
				352B69B42BE827ED0055F436 /* Preview Assets.xcassets */,
			);
			path = "Preview Content";
			sourceTree = "<group>";
		};
		352B69BD2BE827EE0055F436 /* fokusableTests */ = {
			isa = PBXGroup;
			children = (
				352B69BE2BE827EE0055F436 /* fokusableTests.swift */,
			);
			path = fokusableTests;
			sourceTree = "<group>";
		};
		352B69C72BE827EE0055F436 /* fokusableUITests */ = {
			isa = PBXGroup;
			children = (
				352B69C82BE827EE0055F436 /* fokusableUITests.swift */,
				352B69CA2BE827EE0055F436 /* fokusableUITestsLaunchTests.swift */,
			);
			path = fokusableUITests;
			sourceTree = "<group>";
		};
		35581E4A2BE975240047D012 /* feature */ = {
			isa = PBXGroup;
			children = (
				35581E4B2BE9752C0047D012 /* repository */,
				35581E562BE975E40047D012 /* NoteFeature.swift */,
				35581E592BE9764A0047D012 /* NoteView.swift */,
			);
			path = feature;
			sourceTree = "<group>";
		};
		35581E4B2BE9752C0047D012 /* repository */ = {
			isa = PBXGroup;
			children = (
				35581E4C2BE975380047D012 /* db */,
				35581E532BE975D00047D012 /* NoteRepository.swift */,
			);
			path = repository;
			sourceTree = "<group>";
		};
		35581E4C2BE975380047D012 /* db */ = {
			isa = PBXGroup;
			children = (
				35581E4D2BE9754A0047D012 /* Note.swift */,
				35581E502BE975760047D012 /* NoteDatabase.swift */,
			);
			path = db;
			sourceTree = "<group>";
		};
/* End PBXGroup section */

/* Begin PBXNativeTarget section */
		352B69A62BE827ED0055F436 /* fokusable */ = {
			isa = PBXNativeTarget;
			buildConfigurationList = 352B69CE2BE827EE0055F436 /* Build configuration list for PBXNativeTarget "fokusable" */;
			buildPhases = (
				352B69A32BE827ED0055F436 /* Sources */,
				352B69A42BE827ED0055F436 /* Frameworks */,
				352B69A52BE827ED0055F436 /* Resources */,
			);
			buildRules = (
			);
			dependencies = (
			);
			name = fokusable;
			packageProductDependencies = (
				352B69D82BE828900055F436 /* ComposableArchitecture */,
			);
			productName = fokusable;
			productReference = 352B69A72BE827ED0055F436 /* fokusable.app */;
			productType = "com.apple.product-type.application";
		};
		352B69B92BE827EE0055F436 /* fokusableTests */ = {
			isa = PBXNativeTarget;
			buildConfigurationList = 352B69D12BE827EE0055F436 /* Build configuration list for PBXNativeTarget "fokusableTests" */;
			buildPhases = (
				352B69B62BE827EE0055F436 /* Sources */,
				352B69B72BE827EE0055F436 /* Frameworks */,
				352B69B82BE827EE0055F436 /* Resources */,
			);
			buildRules = (
			);
			dependencies = (
				352B69BC2BE827EE0055F436 /* PBXTargetDependency */,
			);
			name = fokusableTests;
			productName = fokusableTests;
			productReference = 352B69BA2BE827EE0055F436 /* fokusableTests.xctest */;
			productType = "com.apple.product-type.bundle.unit-test";
		};
		352B69C32BE827EE0055F436 /* fokusableUITests */ = {
			isa = PBXNativeTarget;
			buildConfigurationList = 352B69D42BE827EE0055F436 /* Build configuration list for PBXNativeTarget "fokusableUITests" */;
			buildPhases = (
				352B69C02BE827EE0055F436 /* Sources */,
				352B69C12BE827EE0055F436 /* Frameworks */,
				352B69C22BE827EE0055F436 /* Resources */,
			);
			buildRules = (
			);
			dependencies = (
				352B69C62BE827EE0055F436 /* PBXTargetDependency */,
			);
			name = fokusableUITests;
			productName = fokusableUITests;
			productReference = 352B69C42BE827EE0055F436 /* fokusableUITests.xctest */;
			productType = "com.apple.product-type.bundle.ui-testing";
		};
/* End PBXNativeTarget section */

/* Begin PBXProject section */
		352B699F2BE827ED0055F436 /* Project object */ = {
			isa = PBXProject;
			attributes = {
				BuildIndependentTargetsInParallel = 1;
				LastSwiftUpdateCheck = 1530;
				LastUpgradeCheck = 1530;
				TargetAttributes = {
					352B69A62BE827ED0055F436 = {
						CreatedOnToolsVersion = 15.3;
					};
					352B69B92BE827EE0055F436 = {
						CreatedOnToolsVersion = 15.3;
						TestTargetID = 352B69A62BE827ED0055F436;
					};
					352B69C32BE827EE0055F436 = {
						CreatedOnToolsVersion = 15.3;
						TestTargetID = 352B69A62BE827ED0055F436;
					};
				};
			};
			buildConfigurationList = 352B69A22BE827ED0055F436 /* Build configuration list for PBXProject "fokusable" */;
			compatibilityVersion = "Xcode 14.0";
			developmentRegion = en;
			hasScannedForEncodings = 0;
			knownRegions = (
				en,
				Base,
			);
			mainGroup = 352B699E2BE827ED0055F436;
			packageReferences = (
				352B69D72BE8288F0055F436 /* XCRemoteSwiftPackageReference "swift-composable-architecture" */,
			);
			productRefGroup = 352B69A82BE827ED0055F436 /* Products */;
			projectDirPath = "";
			projectRoot = "";
			targets = (
				352B69A62BE827ED0055F436 /* fokusable */,
				352B69B92BE827EE0055F436 /* fokusableTests */,
				352B69C32BE827EE0055F436 /* fokusableUITests */,
			);
		};
/* End PBXProject section */

/* Begin PBXResourcesBuildPhase section */
		352B69A52BE827ED0055F436 /* Resources */ = {
			isa = PBXResourcesBuildPhase;
			buildActionMask = 2147483647;
			files = (
				352B69B52BE827ED0055F436 /* Preview Assets.xcassets in Resources */,
				352B69B12BE827ED0055F436 /* Assets.xcassets in Resources */,
			);
			runOnlyForDeploymentPostprocessing = 0;
		};
		352B69B82BE827EE0055F436 /* Resources */ = {
			isa = PBXResourcesBuildPhase;
			buildActionMask = 2147483647;
			files = (
			);
			runOnlyForDeploymentPostprocessing = 0;
		};
		352B69C22BE827EE0055F436 /* Resources */ = {
			isa = PBXResourcesBuildPhase;
			buildActionMask = 2147483647;
			files = (
			);
			runOnlyForDeploymentPostprocessing = 0;
		};
/* End PBXResourcesBuildPhase section */

/* Begin PBXSourcesBuildPhase section */
		352B69A32BE827ED0055F436 /* Sources */ = {
			isa = PBXSourcesBuildPhase;
			buildActionMask = 2147483647;
			files = (
				35581E572BE975E40047D012 /* NoteFeature.swift in Sources */,
				35581E512BE975760047D012 /* NoteDatabase.swift in Sources */,
				35581E5A2BE9764A0047D012 /* NoteView.swift in Sources */,
				35581E542BE975D00047D012 /* NoteRepository.swift in Sources */,
				352B69AB2BE827ED0055F436 /* fokusableApp.swift in Sources */,
				35581E4E2BE9754A0047D012 /* Note.swift in Sources */,
			);
			runOnlyForDeploymentPostprocessing = 0;
		};
		352B69B62BE827EE0055F436 /* Sources */ = {
			isa = PBXSourcesBuildPhase;
			buildActionMask = 2147483647;
			files = (
				35581E522BE975760047D012 /* NoteDatabase.swift in Sources */,
				35581E552BE975D00047D012 /* NoteRepository.swift in Sources */,
				352B69BF2BE827EE0055F436 /* fokusableTests.swift in Sources */,
				35581E4F2BE9754A0047D012 /* Note.swift in Sources */,
				35581E582BE975E40047D012 /* NoteFeature.swift in Sources */,
			);
			runOnlyForDeploymentPostprocessing = 0;
		};
		352B69C02BE827EE0055F436 /* Sources */ = {
			isa = PBXSourcesBuildPhase;
			buildActionMask = 2147483647;
			files = (
				352B69C92BE827EE0055F436 /* fokusableUITests.swift in Sources */,
				352B69CB2BE827EE0055F436 /* fokusableUITestsLaunchTests.swift in Sources */,
			);
			runOnlyForDeploymentPostprocessing = 0;
		};
/* End PBXSourcesBuildPhase section */

/* Begin PBXTargetDependency section */
		352B69BC2BE827EE0055F436 /* PBXTargetDependency */ = {
			isa = PBXTargetDependency;
			target = 352B69A62BE827ED0055F436 /* fokusable */;
			targetProxy = 352B69BB2BE827EE0055F436 /* PBXContainerItemProxy */;
		};
		352B69C62BE827EE0055F436 /* PBXTargetDependency */ = {
			isa = PBXTargetDependency;
			target = 352B69A62BE827ED0055F436 /* fokusable */;
			targetProxy = 352B69C52BE827EE0055F436 /* PBXContainerItemProxy */;
		};
/* End PBXTargetDependency section */

/* Begin XCBuildConfiguration section */
		352B69CC2BE827EE0055F436 /* Debug */ = {
			isa = XCBuildConfiguration;
			buildSettings = {
				ALWAYS_SEARCH_USER_PATHS = NO;
				ASSETCATALOG_COMPILER_GENERATE_SWIFT_ASSET_SYMBOL_EXTENSIONS = YES;
				CLANG_ANALYZER_NONNULL = YES;
				CLANG_ANALYZER_NUMBER_OBJECT_CONVERSION = YES_AGGRESSIVE;
				CLANG_CXX_LANGUAGE_STANDARD = "gnu++20";
				CLANG_ENABLE_MODULES = YES;
				CLANG_ENABLE_OBJC_ARC = YES;
				CLANG_ENABLE_OBJC_WEAK = YES;
				CLANG_WARN_BLOCK_CAPTURE_AUTORELEASING = YES;
				CLANG_WARN_BOOL_CONVERSION = YES;
				CLANG_WARN_COMMA = YES;
				CLANG_WARN_CONSTANT_CONVERSION = YES;
				CLANG_WARN_DEPRECATED_OBJC_IMPLEMENTATIONS = YES;
				CLANG_WARN_DIRECT_OBJC_ISA_USAGE = YES_ERROR;
				CLANG_WARN_DOCUMENTATION_COMMENTS = YES;
				CLANG_WARN_EMPTY_BODY = YES;
				CLANG_WARN_ENUM_CONVERSION = YES;
				CLANG_WARN_INFINITE_RECURSION = YES;
				CLANG_WARN_INT_CONVERSION = YES;
				CLANG_WARN_NON_LITERAL_NULL_CONVERSION = YES;
				CLANG_WARN_OBJC_IMPLICIT_RETAIN_SELF = YES;
				CLANG_WARN_OBJC_LITERAL_CONVERSION = YES;
				CLANG_WARN_OBJC_ROOT_CLASS = YES_ERROR;
				CLANG_WARN_QUOTED_INCLUDE_IN_FRAMEWORK_HEADER = YES;
				CLANG_WARN_RANGE_LOOP_ANALYSIS = YES;
				CLANG_WARN_STRICT_PROTOTYPES = YES;
				CLANG_WARN_SUSPICIOUS_MOVE = YES;
				CLANG_WARN_UNGUARDED_AVAILABILITY = YES_AGGRESSIVE;
				CLANG_WARN_UNREACHABLE_CODE = YES;
				CLANG_WARN__DUPLICATE_METHOD_MATCH = YES;
				COPY_PHASE_STRIP = NO;
				DEBUG_INFORMATION_FORMAT = dwarf;
				ENABLE_STRICT_OBJC_MSGSEND = YES;
				ENABLE_TESTABILITY = YES;
				ENABLE_USER_SCRIPT_SANDBOXING = YES;
				GCC_C_LANGUAGE_STANDARD = gnu17;
				GCC_DYNAMIC_NO_PIC = NO;
				GCC_NO_COMMON_BLOCKS = YES;
				GCC_OPTIMIZATION_LEVEL = 0;
				GCC_PREPROCESSOR_DEFINITIONS = (
					"DEBUG=1",
					"$(inherited)",
				);
				GCC_WARN_64_TO_32_BIT_CONVERSION = YES;
				GCC_WARN_ABOUT_RETURN_TYPE = YES_ERROR;
				GCC_WARN_UNDECLARED_SELECTOR = YES;
				GCC_WARN_UNINITIALIZED_AUTOS = YES_AGGRESSIVE;
				GCC_WARN_UNUSED_FUNCTION = YES;
				GCC_WARN_UNUSED_VARIABLE = YES;
				LOCALIZATION_PREFERS_STRING_CATALOGS = YES;
				MTL_ENABLE_DEBUG_INFO = INCLUDE_SOURCE;
				MTL_FAST_MATH = YES;
				ONLY_ACTIVE_ARCH = YES;
				SWIFT_ACTIVE_COMPILATION_CONDITIONS = "DEBUG $(inherited)";
				SWIFT_OPTIMIZATION_LEVEL = "-Onone";
			};
			name = Debug;
		};
		352B69CD2BE827EE0055F436 /* Release */ = {
			isa = XCBuildConfiguration;
			buildSettings = {
				ALWAYS_SEARCH_USER_PATHS = NO;
				ASSETCATALOG_COMPILER_GENERATE_SWIFT_ASSET_SYMBOL_EXTENSIONS = YES;
				CLANG_ANALYZER_NONNULL = YES;
				CLANG_ANALYZER_NUMBER_OBJECT_CONVERSION = YES_AGGRESSIVE;
				CLANG_CXX_LANGUAGE_STANDARD = "gnu++20";
				CLANG_ENABLE_MODULES = YES;
				CLANG_ENABLE_OBJC_ARC = YES;
				CLANG_ENABLE_OBJC_WEAK = YES;
				CLANG_WARN_BLOCK_CAPTURE_AUTORELEASING = YES;
				CLANG_WARN_BOOL_CONVERSION = YES;
				CLANG_WARN_COMMA = YES;
				CLANG_WARN_CONSTANT_CONVERSION = YES;
				CLANG_WARN_DEPRECATED_OBJC_IMPLEMENTATIONS = YES;
				CLANG_WARN_DIRECT_OBJC_ISA_USAGE = YES_ERROR;
				CLANG_WARN_DOCUMENTATION_COMMENTS = YES;
				CLANG_WARN_EMPTY_BODY = YES;
				CLANG_WARN_ENUM_CONVERSION = YES;
				CLANG_WARN_INFINITE_RECURSION = YES;
				CLANG_WARN_INT_CONVERSION = YES;
				CLANG_WARN_NON_LITERAL_NULL_CONVERSION = YES;
				CLANG_WARN_OBJC_IMPLICIT_RETAIN_SELF = YES;
				CLANG_WARN_OBJC_LITERAL_CONVERSION = YES;
				CLANG_WARN_OBJC_ROOT_CLASS = YES_ERROR;
				CLANG_WARN_QUOTED_INCLUDE_IN_FRAMEWORK_HEADER = YES;
				CLANG_WARN_RANGE_LOOP_ANALYSIS = YES;
				CLANG_WARN_STRICT_PROTOTYPES = YES;
				CLANG_WARN_SUSPICIOUS_MOVE = YES;
				CLANG_WARN_UNGUARDED_AVAILABILITY = YES_AGGRESSIVE;
				CLANG_WARN_UNREACHABLE_CODE = YES;
				CLANG_WARN__DUPLICATE_METHOD_MATCH = YES;
				COPY_PHASE_STRIP = NO;
				DEBUG_INFORMATION_FORMAT = "dwarf-with-dsym";
				ENABLE_NS_ASSERTIONS = NO;
				ENABLE_STRICT_OBJC_MSGSEND = YES;
				ENABLE_USER_SCRIPT_SANDBOXING = YES;
				GCC_C_LANGUAGE_STANDARD = gnu17;
				GCC_NO_COMMON_BLOCKS = YES;
				GCC_WARN_64_TO_32_BIT_CONVERSION = YES;
				GCC_WARN_ABOUT_RETURN_TYPE = YES_ERROR;
				GCC_WARN_UNDECLARED_SELECTOR = YES;
				GCC_WARN_UNINITIALIZED_AUTOS = YES_AGGRESSIVE;
				GCC_WARN_UNUSED_FUNCTION = YES;
				GCC_WARN_UNUSED_VARIABLE = YES;
				LOCALIZATION_PREFERS_STRING_CATALOGS = YES;
				MTL_ENABLE_DEBUG_INFO = NO;
				MTL_FAST_MATH = YES;
				SWIFT_COMPILATION_MODE = wholemodule;
			};
			name = Release;
		};
		352B69CF2BE827EE0055F436 /* Debug */ = {
			isa = XCBuildConfiguration;
			buildSettings = {
				ASSETCATALOG_COMPILER_APPICON_NAME = AppIcon;
				ASSETCATALOG_COMPILER_GLOBAL_ACCENT_COLOR_NAME = AccentColor;
				CODE_SIGN_ENTITLEMENTS = fokusable/fokusable.entitlements;
				CODE_SIGN_STYLE = Automatic;
				CURRENT_PROJECT_VERSION = 1;
				DEVELOPMENT_ASSET_PATHS = "\"fokusable/Preview Content\"";
				ENABLE_PREVIEWS = YES;
				GENERATE_INFOPLIST_FILE = YES;
				"INFOPLIST_KEY_UIApplicationSceneManifest_Generation[sdk=iphoneos*]" = YES;
				"INFOPLIST_KEY_UIApplicationSceneManifest_Generation[sdk=iphonesimulator*]" = YES;
				"INFOPLIST_KEY_UIApplicationSupportsIndirectInputEvents[sdk=iphoneos*]" = YES;
				"INFOPLIST_KEY_UIApplicationSupportsIndirectInputEvents[sdk=iphonesimulator*]" = YES;
				"INFOPLIST_KEY_UILaunchScreen_Generation[sdk=iphoneos*]" = YES;
				"INFOPLIST_KEY_UILaunchScreen_Generation[sdk=iphonesimulator*]" = YES;
				"INFOPLIST_KEY_UIStatusBarStyle[sdk=iphoneos*]" = UIStatusBarStyleDefault;
				"INFOPLIST_KEY_UIStatusBarStyle[sdk=iphonesimulator*]" = UIStatusBarStyleDefault;
				INFOPLIST_KEY_UISupportedInterfaceOrientations_iPad = "UIInterfaceOrientationPortrait UIInterfaceOrientationPortraitUpsideDown UIInterfaceOrientationLandscapeLeft UIInterfaceOrientationLandscapeRight";
				INFOPLIST_KEY_UISupportedInterfaceOrientations_iPhone = "UIInterfaceOrientationPortrait UIInterfaceOrientationLandscapeLeft UIInterfaceOrientationLandscapeRight";
				IPHONEOS_DEPLOYMENT_TARGET = 17.4;
				LD_RUNPATH_SEARCH_PATHS = "@executable_path/Frameworks";
				"LD_RUNPATH_SEARCH_PATHS[sdk=macosx*]" = "@executable_path/../Frameworks";
				MACOSX_DEPLOYMENT_TARGET = 14.0;
				MARKETING_VERSION = 1.0;
				PRODUCT_BUNDLE_IDENTIFIER = com.okuzawats.fokusable;
				PRODUCT_NAME = "$(TARGET_NAME)";
				SDKROOT = auto;
				SUPPORTED_PLATFORMS = "iphoneos iphonesimulator macosx";
				SWIFT_EMIT_LOC_STRINGS = YES;
				SWIFT_VERSION = 5.0;
				TARGETED_DEVICE_FAMILY = "1,2";
			};
			name = Debug;
		};
		352B69D02BE827EE0055F436 /* Release */ = {
			isa = XCBuildConfiguration;
			buildSettings = {
				ASSETCATALOG_COMPILER_APPICON_NAME = AppIcon;
				ASSETCATALOG_COMPILER_GLOBAL_ACCENT_COLOR_NAME = AccentColor;
				CODE_SIGN_ENTITLEMENTS = fokusable/fokusable.entitlements;
				CODE_SIGN_STYLE = Automatic;
				CURRENT_PROJECT_VERSION = 1;
				DEVELOPMENT_ASSET_PATHS = "\"fokusable/Preview Content\"";
				ENABLE_PREVIEWS = YES;
				GENERATE_INFOPLIST_FILE = YES;
				"INFOPLIST_KEY_UIApplicationSceneManifest_Generation[sdk=iphoneos*]" = YES;
				"INFOPLIST_KEY_UIApplicationSceneManifest_Generation[sdk=iphonesimulator*]" = YES;
				"INFOPLIST_KEY_UIApplicationSupportsIndirectInputEvents[sdk=iphoneos*]" = YES;
				"INFOPLIST_KEY_UIApplicationSupportsIndirectInputEvents[sdk=iphonesimulator*]" = YES;
				"INFOPLIST_KEY_UILaunchScreen_Generation[sdk=iphoneos*]" = YES;
				"INFOPLIST_KEY_UILaunchScreen_Generation[sdk=iphonesimulator*]" = YES;
				"INFOPLIST_KEY_UIStatusBarStyle[sdk=iphoneos*]" = UIStatusBarStyleDefault;
				"INFOPLIST_KEY_UIStatusBarStyle[sdk=iphonesimulator*]" = UIStatusBarStyleDefault;
				INFOPLIST_KEY_UISupportedInterfaceOrientations_iPad = "UIInterfaceOrientationPortrait UIInterfaceOrientationPortraitUpsideDown UIInterfaceOrientationLandscapeLeft UIInterfaceOrientationLandscapeRight";
				INFOPLIST_KEY_UISupportedInterfaceOrientations_iPhone = "UIInterfaceOrientationPortrait UIInterfaceOrientationLandscapeLeft UIInterfaceOrientationLandscapeRight";
				IPHONEOS_DEPLOYMENT_TARGET = 17.4;
				LD_RUNPATH_SEARCH_PATHS = "@executable_path/Frameworks";
				"LD_RUNPATH_SEARCH_PATHS[sdk=macosx*]" = "@executable_path/../Frameworks";
				MACOSX_DEPLOYMENT_TARGET = 14.0;
				MARKETING_VERSION = 1.0;
				PRODUCT_BUNDLE_IDENTIFIER = com.okuzawats.fokusable;
				PRODUCT_NAME = "$(TARGET_NAME)";
				SDKROOT = auto;
				SUPPORTED_PLATFORMS = "iphoneos iphonesimulator macosx";
				SWIFT_EMIT_LOC_STRINGS = YES;
				SWIFT_VERSION = 5.0;
				TARGETED_DEVICE_FAMILY = "1,2";
			};
			name = Release;
		};
		352B69D22BE827EE0055F436 /* Debug */ = {
			isa = XCBuildConfiguration;
			buildSettings = {
				ALWAYS_EMBED_SWIFT_STANDARD_LIBRARIES = YES;
				BUNDLE_LOADER = "$(TEST_HOST)";
				CODE_SIGN_STYLE = Automatic;
				CURRENT_PROJECT_VERSION = 1;
				GENERATE_INFOPLIST_FILE = YES;
				IPHONEOS_DEPLOYMENT_TARGET = 17.4;
				MACOSX_DEPLOYMENT_TARGET = 14.4;
				MARKETING_VERSION = 1.0;
				PRODUCT_BUNDLE_IDENTIFIER = com.okuzawats.fokusableTests;
				PRODUCT_NAME = "$(TARGET_NAME)";
				SDKROOT = auto;
				SUPPORTED_PLATFORMS = "iphoneos iphonesimulator macosx";
				SWIFT_EMIT_LOC_STRINGS = NO;
				SWIFT_VERSION = 5.0;
				TARGETED_DEVICE_FAMILY = "1,2";
				TEST_HOST = "$(BUILT_PRODUCTS_DIR)/fokusable.app/$(BUNDLE_EXECUTABLE_FOLDER_PATH)/fokusable";
			};
			name = Debug;
		};
		352B69D32BE827EE0055F436 /* Release */ = {
			isa = XCBuildConfiguration;
			buildSettings = {
				ALWAYS_EMBED_SWIFT_STANDARD_LIBRARIES = YES;
				BUNDLE_LOADER = "$(TEST_HOST)";
				CODE_SIGN_STYLE = Automatic;
				CURRENT_PROJECT_VERSION = 1;
				GENERATE_INFOPLIST_FILE = YES;
				IPHONEOS_DEPLOYMENT_TARGET = 17.4;
				MACOSX_DEPLOYMENT_TARGET = 14.4;
				MARKETING_VERSION = 1.0;
				PRODUCT_BUNDLE_IDENTIFIER = com.okuzawats.fokusableTests;
				PRODUCT_NAME = "$(TARGET_NAME)";
				SDKROOT = auto;
				SUPPORTED_PLATFORMS = "iphoneos iphonesimulator macosx";
				SWIFT_EMIT_LOC_STRINGS = NO;
				SWIFT_VERSION = 5.0;
				TARGETED_DEVICE_FAMILY = "1,2";
				TEST_HOST = "$(BUILT_PRODUCTS_DIR)/fokusable.app/$(BUNDLE_EXECUTABLE_FOLDER_PATH)/fokusable";
			};
			name = Release;
		};
		352B69D52BE827EE0055F436 /* Debug */ = {
			isa = XCBuildConfiguration;
			buildSettings = {
				ALWAYS_EMBED_SWIFT_STANDARD_LIBRARIES = YES;
				CODE_SIGN_STYLE = Automatic;
				CURRENT_PROJECT_VERSION = 1;
				GENERATE_INFOPLIST_FILE = YES;
				IPHONEOS_DEPLOYMENT_TARGET = 17.4;
				MACOSX_DEPLOYMENT_TARGET = 14.4;
				MARKETING_VERSION = 1.0;
				PRODUCT_BUNDLE_IDENTIFIER = com.okuzawats.fokusableUITests;
				PRODUCT_NAME = "$(TARGET_NAME)";
				SDKROOT = auto;
				SUPPORTED_PLATFORMS = "iphoneos iphonesimulator macosx";
				SWIFT_EMIT_LOC_STRINGS = NO;
				SWIFT_VERSION = 5.0;
				TARGETED_DEVICE_FAMILY = "1,2";
				TEST_TARGET_NAME = fokusable;
			};
			name = Debug;
		};
		352B69D62BE827EE0055F436 /* Release */ = {
			isa = XCBuildConfiguration;
			buildSettings = {
				ALWAYS_EMBED_SWIFT_STANDARD_LIBRARIES = YES;
				CODE_SIGN_STYLE = Automatic;
				CURRENT_PROJECT_VERSION = 1;
				GENERATE_INFOPLIST_FILE = YES;
				IPHONEOS_DEPLOYMENT_TARGET = 17.4;
				MACOSX_DEPLOYMENT_TARGET = 14.4;
				MARKETING_VERSION = 1.0;
				PRODUCT_BUNDLE_IDENTIFIER = com.okuzawats.fokusableUITests;
				PRODUCT_NAME = "$(TARGET_NAME)";
				SDKROOT = auto;
				SUPPORTED_PLATFORMS = "iphoneos iphonesimulator macosx";
				SWIFT_EMIT_LOC_STRINGS = NO;
				SWIFT_VERSION = 5.0;
				TARGETED_DEVICE_FAMILY = "1,2";
				TEST_TARGET_NAME = fokusable;
			};
			name = Release;
		};
/* End XCBuildConfiguration section */

/* Begin XCConfigurationList section */
		352B69A22BE827ED0055F436 /* Build configuration list for PBXProject "fokusable" */ = {
			isa = XCConfigurationList;
			buildConfigurations = (
				352B69CC2BE827EE0055F436 /* Debug */,
				352B69CD2BE827EE0055F436 /* Release */,
			);
			defaultConfigurationIsVisible = 0;
			defaultConfigurationName = Release;
		};
		352B69CE2BE827EE0055F436 /* Build configuration list for PBXNativeTarget "fokusable" */ = {
			isa = XCConfigurationList;
			buildConfigurations = (
				352B69CF2BE827EE0055F436 /* Debug */,
				352B69D02BE827EE0055F436 /* Release */,
			);
			defaultConfigurationIsVisible = 0;
			defaultConfigurationName = Release;
		};
		352B69D12BE827EE0055F436 /* Build configuration list for PBXNativeTarget "fokusableTests" */ = {
			isa = XCConfigurationList;
			buildConfigurations = (
				352B69D22BE827EE0055F436 /* Debug */,
				352B69D32BE827EE0055F436 /* Release */,
			);
			defaultConfigurationIsVisible = 0;
			defaultConfigurationName = Release;
		};
		352B69D42BE827EE0055F436 /* Build configuration list for PBXNativeTarget "fokusableUITests" */ = {
			isa = XCConfigurationList;
			buildConfigurations = (
				352B69D52BE827EE0055F436 /* Debug */,
				352B69D62BE827EE0055F436 /* Release */,
			);
			defaultConfigurationIsVisible = 0;
			defaultConfigurationName = Release;
		};
/* End XCConfigurationList section */

/* Begin XCRemoteSwiftPackageReference section */
		352B69D72BE8288F0055F436 /* XCRemoteSwiftPackageReference "swift-composable-architecture" */ = {
			isa = XCRemoteSwiftPackageReference;
			repositoryURL = "https://github.com/pointfreeco/swift-composable-architecture";
			requirement = {
				kind = upToNextMajorVersion;
				minimumVersion = 1.10.2;
			};
		};
/* End XCRemoteSwiftPackageReference section */

/* Begin XCSwiftPackageProductDependency section */
		352B69D82BE828900055F436 /* ComposableArchitecture */ = {
			isa = XCSwiftPackageProductDependency;
			package = 352B69D72BE8288F0055F436 /* XCRemoteSwiftPackageReference "swift-composable-architecture" */;
			productName = ComposableArchitecture;
		};
/* End XCSwiftPackageProductDependency section */
	};
	rootObject = 352B699F2BE827ED0055F436 /* Project object */;
}
